
Microsoft Visual Studio Solution File, Format Version 12.00
# Visual Studio Version 18
VisualStudioVersion = 18.2.11415.280
MinimumVisualStudioVersion = 10.0.40219.1
Project("{9A19103F-16F7-4668-BE54-9A1E7A4F7556}") = "CelSerEngine.Wpf", "src\CelSerEngine.Wpf\CelSerEngine.Wpf.csproj", "{075A088D-A969-4DFB-A2E0-1D898FBA0B85}"
EndProject
Project("{2150E333-8FDC-42A3-9474-1A3956D46DE8}") = "src", "src", "{515CE63A-73D7-4D39-BD22-0784F60BA1DF}"
EndProject
Project("{9A19103F-16F7-4668-BE54-9A1E7A4F7556}") = "CelSerEngine.Core", "src\CelSerEngine.Core\CelSerEngine.Core.csproj", "{81617885-7392-4DF9-A6C9-5AE93C9928E4}"
EndProject
Project("{2150E333-8FDC-42A3-9474-1A3956D46DE8}") = "tests", "tests", "{108185D4-63DE-42F8-A620-2936B87E9838}"
EndProject
Project("{9A19103F-16F7-4668-BE54-9A1E7A4F7556}") = "CelSerEngine.Core.UnitTests", "tests\CelSerEngine.Core.UnitTests\CelSerEngine.Core.UnitTests.csproj", "{DAD5E121-E2EF-4A78-ACAD-10187D6BCEE6}"
EndProject
Project("{9A19103F-16F7-4668-BE54-9A1E7A4F7556}") = "CelSerEngine.Core.IntegrationTests", "tests\CelSerEngine.Core.IntegrationTests\CelSerEngine.Core.IntegrationTests.csproj", "{63B36816-D717-4FB8-954E-86F19E34A070}"
EndProject
Project("{9A19103F-16F7-4668-BE54-9A1E7A4F7556}") = "CelSerEngine.Wpf.UnitTests", "tests\CelSerEngine.Wpf.UnitTests\CelSerEngine.Wpf.UnitTests.csproj", "{392A7F40-213F-412E-A72C-57ADBEFF69F1}"
EndProject
Project("{9A19103F-16F7-4668-BE54-9A1E7A4F7556}") = "CelSerEngine.Wpf.IntegrationTests", "tests\CelSerEngine.Wpf.IntegrationTests\CelSerEngine.Wpf.IntegrationTests.csproj", "{63162414-F17C-4274-827C-84DE363EC509}"
EndProject
Project("{9A19103F-16F7-4668-BE54-9A1E7A4F7556}") = "Benchmarks", "tests\Benchmarks\Benchmarks.csproj", "{3F817FA9-B8C5-439A-ACEC-E3A6DE7F27DC}"
EndProject
Project("{9A19103F-16F7-4668-BE54-9A1E7A4F7556}") = "CelSerEngine.WpfBlazor", "src\CelSerEngine.WpfBlazor\CelSerEngine.WpfBlazor.csproj", "{4BE7180A-94A5-4665-A926-855829C6E1B4}"
EndProject
Project("{FAE04EC0-301F-11D3-BF4B-00C04F79EFBC}") = "CelSerEngine.Shared", "src\CelSerEngine.Shared\CelSerEngine.Shared.csproj", "{71D2B47A-3BAC-4709-8604-345B29A38B3F}"
EndProject
Project("{FAE04EC0-301F-11D3-BF4B-00C04F79EFBC}") = "CelSerEngine.WpfReact", "src\CelSerEngine.WpfReact\CelSerEngine.WpfReact.csproj", "{C407515C-EC34-4591-8137-E49649FCBC03}"
EndProject
Project("{54A90642-561A-4BB1-A94E-469ADEE60C69}") = "celserengine.reactclient", "src\CelSerEngine.ReactClient\celserengine.reactclient.esproj", "{D9F35830-6351-116C-67FF-9D5F46FA5846}"
EndProject
Project("{8BC9CEB8-8B4A-11D0-8D11-00A0C91BC942}") = "CelSerEngine.Cpp", "src\CelSerEngine.Cpp\CelSerEngine.Cpp.vcxproj", "{9E944FEA-0FAE-464B-AB06-4476DEAA4FDD}"
EndProject
Global
	GlobalSection(SolutionConfigurationPlatforms) = preSolution
		Debug|Any CPU = Debug|Any CPU
		Debug|x64 = Debug|x64
		Debug|x86 = Debug|x86
		Release|Any CPU = Release|Any CPU
		Release|x64 = Release|x64
		Release|x86 = Release|x86
	EndGlobalSection
	GlobalSection(ProjectConfigurationPlatforms) = postSolution
		{075A088D-A969-4DFB-A2E0-1D898FBA0B85}.Debug|Any CPU.ActiveCfg = Debug|Any CPU
		{075A088D-A969-4DFB-A2E0-1D898FBA0B85}.Debug|Any CPU.Build.0 = Debug|Any CPU
		{075A088D-A969-4DFB-A2E0-1D898FBA0B85}.Debug|x64.ActiveCfg = Debug|Any CPU
		{075A088D-A969-4DFB-A2E0-1D898FBA0B85}.Debug|x86.ActiveCfg = Debug|Any CPU
		{075A088D-A969-4DFB-A2E0-1D898FBA0B85}.Release|Any CPU.ActiveCfg = Release|Any CPU
		{075A088D-A969-4DFB-A2E0-1D898FBA0B85}.Release|Any CPU.Build.0 = Release|Any CPU
		{075A088D-A969-4DFB-A2E0-1D898FBA0B85}.Release|x64.ActiveCfg = Release|Any CPU
		{075A088D-A969-4DFB-A2E0-1D898FBA0B85}.Release|x86.ActiveCfg = Release|Any CPU
		{81617885-7392-4DF9-A6C9-5AE93C9928E4}.Debug|Any CPU.ActiveCfg = Debug|Any CPU
		{81617885-7392-4DF9-A6C9-5AE93C9928E4}.Debug|Any CPU.Build.0 = Debug|Any CPU
		{81617885-7392-4DF9-A6C9-5AE93C9928E4}.Debug|x64.ActiveCfg = Debug|Any CPU
		{81617885-7392-4DF9-A6C9-5AE93C9928E4}.Debug|x64.Build.0 = Debug|Any CPU
		{81617885-7392-4DF9-A6C9-5AE93C9928E4}.Debug|x86.ActiveCfg = Debug|Any CPU
		{81617885-7392-4DF9-A6C9-5AE93C9928E4}.Debug|x86.Build.0 = Debug|Any CPU
		{81617885-7392-4DF9-A6C9-5AE93C9928E4}.Release|Any CPU.ActiveCfg = Release|Any CPU
		{81617885-7392-4DF9-A6C9-5AE93C9928E4}.Release|Any CPU.Build.0 = Release|Any CPU
		{81617885-7392-4DF9-A6C9-5AE93C9928E4}.Release|x64.ActiveCfg = Release|Any CPU
		{81617885-7392-4DF9-A6C9-5AE93C9928E4}.Release|x64.Build.0 = Release|Any CPU
		{81617885-7392-4DF9-A6C9-5AE93C9928E4}.Release|x86.ActiveCfg = Release|Any CPU
		{81617885-7392-4DF9-A6C9-5AE93C9928E4}.Release|x86.Build.0 = Release|Any CPU
		{DAD5E121-E2EF-4A78-ACAD-10187D6BCEE6}.Debug|Any CPU.ActiveCfg = Debug|Any CPU
		{DAD5E121-E2EF-4A78-ACAD-10187D6BCEE6}.Debug|Any CPU.Build.0 = Debug|Any CPU
		{DAD5E121-E2EF-4A78-ACAD-10187D6BCEE6}.Debug|x64.ActiveCfg = Debug|Any CPU
		{DAD5E121-E2EF-4A78-ACAD-10187D6BCEE6}.Debug|x86.ActiveCfg = Debug|Any CPU
		{DAD5E121-E2EF-4A78-ACAD-10187D6BCEE6}.Release|Any CPU.ActiveCfg = Release|Any CPU
		{DAD5E121-E2EF-4A78-ACAD-10187D6BCEE6}.Release|Any CPU.Build.0 = Release|Any CPU
		{DAD5E121-E2EF-4A78-ACAD-10187D6BCEE6}.Release|x64.ActiveCfg = Release|Any CPU
		{DAD5E121-E2EF-4A78-ACAD-10187D6BCEE6}.Release|x86.ActiveCfg = Release|Any CPU
		{63B36816-D717-4FB8-954E-86F19E34A070}.Debug|Any CPU.ActiveCfg = Debug|Any CPU
		{63B36816-D717-4FB8-954E-86F19E34A070}.Debug|Any CPU.Build.0 = Debug|Any CPU
		{63B36816-D717-4FB8-954E-86F19E34A070}.Debug|x64.ActiveCfg = Debug|Any CPU
		{63B36816-D717-4FB8-954E-86F19E34A070}.Debug|x86.ActiveCfg = Debug|Any CPU
		{63B36816-D717-4FB8-954E-86F19E34A070}.Release|Any CPU.ActiveCfg = Release|Any CPU
		{63B36816-D717-4FB8-954E-86F19E34A070}.Release|Any CPU.Build.0 = Release|Any CPU
		{63B36816-D717-4FB8-954E-86F19E34A070}.Release|x64.ActiveCfg = Release|Any CPU
		{63B36816-D717-4FB8-954E-86F19E34A070}.Release|x86.ActiveCfg = Release|Any CPU
		{392A7F40-213F-412E-A72C-57ADBEFF69F1}.Debug|Any CPU.ActiveCfg = Debug|Any CPU
		{392A7F40-213F-412E-A72C-57ADBEFF69F1}.Debug|Any CPU.Build.0 = Debug|Any CPU
		{392A7F40-213F-412E-A72C-57ADBEFF69F1}.Debug|x64.ActiveCfg = Debug|Any CPU
		{392A7F40-213F-412E-A72C-57ADBEFF69F1}.Debug|x86.ActiveCfg = Debug|Any CPU
		{392A7F40-213F-412E-A72C-57ADBEFF69F1}.Release|Any CPU.ActiveCfg = Release|Any CPU
		{392A7F40-213F-412E-A72C-57ADBEFF69F1}.Release|Any CPU.Build.0 = Release|Any CPU
		{392A7F40-213F-412E-A72C-57ADBEFF69F1}.Release|x64.ActiveCfg = Release|Any CPU
		{392A7F40-213F-412E-A72C-57ADBEFF69F1}.Release|x86.ActiveCfg = Release|Any CPU
		{63162414-F17C-4274-827C-84DE363EC509}.Debug|Any CPU.ActiveCfg = Debug|Any CPU
		{63162414-F17C-4274-827C-84DE363EC509}.Debug|Any CPU.Build.0 = Debug|Any CPU
		{63162414-F17C-4274-827C-84DE363EC509}.Debug|x64.ActiveCfg = Debug|Any CPU
		{63162414-F17C-4274-827C-84DE363EC509}.Debug|x86.ActiveCfg = Debug|Any CPU
		{63162414-F17C-4274-827C-84DE363EC509}.Release|Any CPU.ActiveCfg = Release|Any CPU
		{63162414-F17C-4274-827C-84DE363EC509}.Release|Any CPU.Build.0 = Release|Any CPU
		{63162414-F17C-4274-827C-84DE363EC509}.Release|x64.ActiveCfg = Release|Any CPU
		{63162414-F17C-4274-827C-84DE363EC509}.Release|x86.ActiveCfg = Release|Any CPU
		{3F817FA9-B8C5-439A-ACEC-E3A6DE7F27DC}.Debug|Any CPU.ActiveCfg = Debug|Any CPU
		{3F817FA9-B8C5-439A-ACEC-E3A6DE7F27DC}.Debug|Any CPU.Build.0 = Debug|Any CPU
		{3F817FA9-B8C5-439A-ACEC-E3A6DE7F27DC}.Debug|x64.ActiveCfg = Debug|Any CPU
		{3F817FA9-B8C5-439A-ACEC-E3A6DE7F27DC}.Debug|x64.Build.0 = Debug|Any CPU
		{3F817FA9-B8C5-439A-ACEC-E3A6DE7F27DC}.Debug|x86.ActiveCfg = Debug|Any CPU
		{3F817FA9-B8C5-439A-ACEC-E3A6DE7F27DC}.Debug|x86.Build.0 = Debug|Any CPU
		{3F817FA9-B8C5-439A-ACEC-E3A6DE7F27DC}.Release|Any CPU.ActiveCfg = Release|Any CPU
		{3F817FA9-B8C5-439A-ACEC-E3A6DE7F27DC}.Release|Any CPU.Build.0 = Release|Any CPU
		{3F817FA9-B8C5-439A-ACEC-E3A6DE7F27DC}.Release|x64.ActiveCfg = Release|Any CPU
		{3F817FA9-B8C5-439A-ACEC-E3A6DE7F27DC}.Release|x64.Build.0 = Release|Any CPU
		{3F817FA9-B8C5-439A-ACEC-E3A6DE7F27DC}.Release|x86.ActiveCfg = Release|Any CPU
		{3F817FA9-B8C5-439A-ACEC-E3A6DE7F27DC}.Release|x86.Build.0 = Release|Any CPU
		{4BE7180A-94A5-4665-A926-855829C6E1B4}.Debug|Any CPU.ActiveCfg = Debug|Any CPU
		{4BE7180A-94A5-4665-A926-855829C6E1B4}.Debug|Any CPU.Build.0 = Debug|Any CPU
		{4BE7180A-94A5-4665-A926-855829C6E1B4}.Debug|x64.ActiveCfg = Debug|Any CPU
		{4BE7180A-94A5-4665-A926-855829C6E1B4}.Debug|x86.ActiveCfg = Debug|Any CPU
		{4BE7180A-94A5-4665-A926-855829C6E1B4}.Release|Any CPU.ActiveCfg = Release|Any CPU
		{4BE7180A-94A5-4665-A926-855829C6E1B4}.Release|Any CPU.Build.0 = Release|Any CPU
		{4BE7180A-94A5-4665-A926-855829C6E1B4}.Release|x64.ActiveCfg = Release|Any CPU
		{4BE7180A-94A5-4665-A926-855829C6E1B4}.Release|x86.ActiveCfg = Release|Any CPU
		{71D2B47A-3BAC-4709-8604-345B29A38B3F}.Debug|Any CPU.ActiveCfg = Debug|Any CPU
		{71D2B47A-3BAC-4709-8604-345B29A38B3F}.Debug|Any CPU.Build.0 = Debug|Any CPU
		{71D2B47A-3BAC-4709-8604-345B29A38B3F}.Debug|x64.ActiveCfg = Debug|Any CPU
		{71D2B47A-3BAC-4709-8604-345B29A38B3F}.Debug|x64.Build.0 = Debug|Any CPU
		{71D2B47A-3BAC-4709-8604-345B29A38B3F}.Debug|x86.ActiveCfg = Debug|Any CPU
		{71D2B47A-3BAC-4709-8604-345B29A38B3F}.Debug|x86.Build.0 = Debug|Any CPU
		{71D2B47A-3BAC-4709-8604-345B29A38B3F}.Release|Any CPU.ActiveCfg = Release|Any CPU
		{71D2B47A-3BAC-4709-8604-345B29A38B3F}.Release|Any CPU.Build.0 = Release|Any CPU
		{71D2B47A-3BAC-4709-8604-345B29A38B3F}.Release|x64.ActiveCfg = Release|Any CPU
		{71D2B47A-3BAC-4709-8604-345B29A38B3F}.Release|x64.Build.0 = Release|Any CPU
		{71D2B47A-3BAC-4709-8604-345B29A38B3F}.Release|x86.ActiveCfg = Release|Any CPU
		{71D2B47A-3BAC-4709-8604-345B29A38B3F}.Release|x86.Build.0 = Release|Any CPU
		{C407515C-EC34-4591-8137-E49649FCBC03}.Debug|Any CPU.ActiveCfg = Debug|Any CPU
		{C407515C-EC34-4591-8137-E49649FCBC03}.Debug|Any CPU.Build.0 = Debug|Any CPU
		{C407515C-EC34-4591-8137-E49649FCBC03}.Debug|x64.ActiveCfg = Debug|Any CPU
		{C407515C-EC34-4591-8137-E49649FCBC03}.Debug|x64.Build.0 = Debug|Any CPU
		{C407515C-EC34-4591-8137-E49649FCBC03}.Debug|x86.ActiveCfg = Debug|Any CPU
		{C407515C-EC34-4591-8137-E49649FCBC03}.Debug|x86.Build.0 = Debug|Any CPU
		{C407515C-EC34-4591-8137-E49649FCBC03}.Release|Any CPU.ActiveCfg = Release|Any CPU
		{C407515C-EC34-4591-8137-E49649FCBC03}.Release|Any CPU.Build.0 = Release|Any CPU
		{C407515C-EC34-4591-8137-E49649FCBC03}.Release|x64.ActiveCfg = Release|Any CPU
		{C407515C-EC34-4591-8137-E49649FCBC03}.Release|x64.Build.0 = Release|Any CPU
		{C407515C-EC34-4591-8137-E49649FCBC03}.Release|x86.ActiveCfg = Release|Any CPU
		{C407515C-EC34-4591-8137-E49649FCBC03}.Release|x86.Build.0 = Release|Any CPU
		{D9F35830-6351-116C-67FF-9D5F46FA5846}.Debug|Any CPU.ActiveCfg = Debug|Any CPU
		{D9F35830-6351-116C-67FF-9D5F46FA5846}.Debug|Any CPU.Build.0 = Debug|Any CPU
		{D9F35830-6351-116C-67FF-9D5F46FA5846}.Debug|Any CPU.Deploy.0 = Debug|Any CPU
		{D9F35830-6351-116C-67FF-9D5F46FA5846}.Debug|x64.ActiveCfg = Debug|Any CPU
		{D9F35830-6351-116C-67FF-9D5F46FA5846}.Debug|x64.Build.0 = Debug|Any CPU
		{D9F35830-6351-116C-67FF-9D5F46FA5846}.Debug|x64.Deploy.0 = Debug|Any CPU
		{D9F35830-6351-116C-67FF-9D5F46FA5846}.Debug|x86.ActiveCfg = Debug|Any CPU
		{D9F35830-6351-116C-67FF-9D5F46FA5846}.Debug|x86.Build.0 = Debug|Any CPU
		{D9F35830-6351-116C-67FF-9D5F46FA5846}.Debug|x86.Deploy.0 = Debug|Any CPU
		{D9F35830-6351-116C-67FF-9D5F46FA5846}.Release|Any CPU.ActiveCfg = Release|Any CPU
		{D9F35830-6351-116C-67FF-9D5F46FA5846}.Release|Any CPU.Build.0 = Release|Any CPU
		{D9F35830-6351-116C-67FF-9D5F46FA5846}.Release|Any CPU.Deploy.0 = Release|Any CPU
		{D9F35830-6351-116C-67FF-9D5F46FA5846}.Release|x64.ActiveCfg = Release|Any CPU
		{D9F35830-6351-116C-67FF-9D5F46FA5846}.Release|x64.Build.0 = Release|Any CPU
		{D9F35830-6351-116C-67FF-9D5F46FA5846}.Release|x64.Deploy.0 = Release|Any CPU
		{D9F35830-6351-116C-67FF-9D5F46FA5846}.Release|x86.ActiveCfg = Release|Any CPU
		{D9F35830-6351-116C-67FF-9D5F46FA5846}.Release|x86.Build.0 = Release|Any CPU
		{D9F35830-6351-116C-67FF-9D5F46FA5846}.Release|x86.Deploy.0 = Release|Any CPU
		{9E944FEA-0FAE-464B-AB06-4476DEAA4FDD}.Debug|Any CPU.ActiveCfg = Debug|x64
		{9E944FEA-0FAE-464B-AB06-4476DEAA4FDD}.Debug|Any CPU.Build.0 = Debug|x64
		{9E944FEA-0FAE-464B-AB06-4476DEAA4FDD}.Debug|x64.ActiveCfg = Debug|x64
		{9E944FEA-0FAE-464B-AB06-4476DEAA4FDD}.Debug|x64.Build.0 = Debug|x64
		{9E944FEA-0FAE-464B-AB06-4476DEAA4FDD}.Debug|x86.ActiveCfg = Debug|Win32
		{9E944FEA-0FAE-464B-AB06-4476DEAA4FDD}.Debug|x86.Build.0 = Debug|Win32
		{9E944FEA-0FAE-464B-AB06-4476DEAA4FDD}.Release|Any CPU.ActiveCfg = Release|x64
		{9E944FEA-0FAE-464B-AB06-4476DEAA4FDD}.Release|Any CPU.Build.0 = Release|x64
		{9E944FEA-0FAE-464B-AB06-4476DEAA4FDD}.Release|x64.ActiveCfg = Release|x64
		{9E944FEA-0FAE-464B-AB06-4476DEAA4FDD}.Release|x64.Build.0 = Release|x64
		{9E944FEA-0FAE-464B-AB06-4476DEAA4FDD}.Release|x86.ActiveCfg = Release|Win32
		{9E944FEA-0FAE-464B-AB06-4476DEAA4FDD}.Release|x86.Build.0 = Release|Win32
	EndGlobalSection
	GlobalSection(SolutionProperties) = preSolution
		HideSolutionNode = FALSE
	EndGlobalSection
	GlobalSection(NestedProjects) = preSolution
		{075A088D-A969-4DFB-A2E0-1D898FBA0B85} = {515CE63A-73D7-4D39-BD22-0784F60BA1DF}
		{81617885-7392-4DF9-A6C9-5AE93C9928E4} = {515CE63A-73D7-4D39-BD22-0784F60BA1DF}
		{DAD5E121-E2EF-4A78-ACAD-10187D6BCEE6} = {108185D4-63DE-42F8-A620-2936B87E9838}
		{63B36816-D717-4FB8-954E-86F19E34A070} = {108185D4-63DE-42F8-A620-2936B87E9838}
		{392A7F40-213F-412E-A72C-57ADBEFF69F1} = {108185D4-63DE-42F8-A620-2936B87E9838}
		{63162414-F17C-4274-827C-84DE363EC509} = {108185D4-63DE-42F8-A620-2936B87E9838}
		{3F817FA9-B8C5-439A-ACEC-E3A6DE7F27DC} = {108185D4-63DE-42F8-A620-2936B87E9838}
		{4BE7180A-94A5-4665-A926-855829C6E1B4} = {515CE63A-73D7-4D39-BD22-0784F60BA1DF}
		{71D2B47A-3BAC-4709-8604-345B29A38B3F} = {515CE63A-73D7-4D39-BD22-0784F60BA1DF}
		{C407515C-EC34-4591-8137-E49649FCBC03} = {515CE63A-73D7-4D39-BD22-0784F60BA1DF}
		{D9F35830-6351-116C-67FF-9D5F46FA5846} = {515CE63A-73D7-4D39-BD22-0784F60BA1DF}
		{9E944FEA-0FAE-464B-AB06-4476DEAA4FDD} = {515CE63A-73D7-4D39-BD22-0784F60BA1DF}
	EndGlobalSection
	GlobalSection(ExtensibilityGlobals) = postSolution
		SolutionGuid = {30031E47-D3BE-4D7C-AF3D-C6AAB0EF3CE1}
	EndGlobalSection
EndGlobal
