
Microsoft Visual Studio Solution File, Format Version 12.00
# Visual Studio Version 17
VisualStudioVersion = 17.1.32421.90
MinimumVisualStudioVersion = 10.0.40219.1
Project("{9A19103F-16F7-4668-BE54-9A1E7A4F7556}") = "CelSerEngine", "CelSerEngine.csproj", "{075A088D-A969-4DFB-A2E0-1D898FBA0B85}"
EndProject
Global
	GlobalSection(SolutionConfigurationPlatforms) = preSolution
		Debug|Any CPU = Debug|Any CPU
		Release|Any CPU = Release|Any CPU
		TestUI|Any CPU = TestUI|Any CPU
	EndGlobalSection
	GlobalSection(ProjectConfigurationPlatforms) = postSolution
		{075A088D-A969-4DFB-A2E0-1D898FBA0B85}.Debug|Any CPU.ActiveCfg = Debug|Any CPU
		{075A088D-A969-4DFB-A2E0-1D898FBA0B85}.Debug|Any CPU.Build.0 = Debug|Any CPU
		{075A088D-A969-4DFB-A2E0-1D898FBA0B85}.Release|Any CPU.ActiveCfg = Release|Any CPU
		{075A088D-A969-4DFB-A2E0-1D898FBA0B85}.Release|Any CPU.Build.0 = Release|Any CPU
		{075A088D-A969-4DFB-A2E0-1D898FBA0B85}.TestUI|Any CPU.ActiveCfg = TestUI|Any CPU
		{075A088D-A969-4DFB-A2E0-1D898FBA0B85}.TestUI|Any CPU.Build.0 = TestUI|Any CPU
	EndGlobalSection
	GlobalSection(SolutionProperties) = preSolution
		HideSolutionNode = FALSE
	EndGlobalSection
	GlobalSection(ExtensibilityGlobals) = postSolution
		SolutionGuid = {30031E47-D3BE-4D7C-AF3D-C6AAB0EF3CE1}
	EndGlobalSection
EndGlobal
